// !$*UTF8*$!
{
	archiveVersion = 1;
	classes = {
	};
	objectVersion = 55;
	objects = {

/* Begin PBXBuildFile section */
		DDDDDC8C285E0D280010A4B4 /* CoreDataProjectApp.swift in Sources */ = {isa = PBXBuildFile; fileRef = DDDDDC8B285E0D280010A4B4 /* CoreDataProjectApp.swift */; };
		DDDDDC8E285E0D280010A4B4 /* ContentView.swift in Sources */ = {isa = PBXBuildFile; fileRef = DDDDDC8D285E0D280010A4B4 /* ContentView.swift */; };
		DDDDDC90285E0D290010A4B4 /* Assets.xcassets in Resources */ = {isa = PBXBuildFile; fileRef = DDDDDC8F285E0D290010A4B4 /* Assets.xcassets */; };
		DDDDDC93285E0D290010A4B4 /* Preview Assets.xcassets in Resources */ = {isa = PBXBuildFile; fileRef = DDDDDC92285E0D290010A4B4 /* Preview Assets.xcassets */; };
		DDDDDC9B285E0DA50010A4B4 /* CoreDataProject.xcdatamodeld in Sources */ = {isa = PBXBuildFile; fileRef = DDDDDC99285E0DA50010A4B4 /* CoreDataProject.xcdatamodeld */; };
		DDDDDC9F285E0E5C0010A4B4 /* DataController.swift in Sources */ = {isa = PBXBuildFile; fileRef = DDDDDC9E285E0E5C0010A4B4 /* DataController.swift */; };
		DDDDDCA2285E13850010A4B4 /* Movie+CoreDataClass.swift in Sources */ = {isa = PBXBuildFile; fileRef = DDDDDCA0285E13850010A4B4 /* Movie+CoreDataClass.swift */; };
		DDDDDCA3285E13850010A4B4 /* Movie+CoreDataProperties.swift in Sources */ = {isa = PBXBuildFile; fileRef = DDDDDCA1285E13850010A4B4 /* Movie+CoreDataProperties.swift */; };
		DDDDDCA5285E15D30010A4B4 /* SaveIfNeedView.swift in Sources */ = {isa = PBXBuildFile; fileRef = DDDDDCA4285E15D30010A4B4 /* SaveIfNeedView.swift */; };
		DDDDDCA7285E16C30010A4B4 /* UniqueModelView.swift in Sources */ = {isa = PBXBuildFile; fileRef = DDDDDCA6285E16C30010A4B4 /* UniqueModelView.swift */; };
		DDDDDCA9285E1B800010A4B4 /* PredicatedResultView.swift in Sources */ = {isa = PBXBuildFile; fileRef = DDDDDCA8285E1B800010A4B4 /* PredicatedResultView.swift */; };
/* End PBXBuildFile section */

/* Begin PBXFileReference section */
		DDDDDC88285E0D280010A4B4 /* CoreDataProject.app */ = {isa = PBXFileReference; explicitFileType = wrapper.application; includeInIndex = 0; path = CoreDataProject.app; sourceTree = BUILT_PRODUCTS_DIR; };
		DDDDDC8B285E0D280010A4B4 /* CoreDataProjectApp.swift */ = {isa = PBXFileReference; lastKnownFileType = sourcecode.swift; path = CoreDataProjectApp.swift; sourceTree = "<group>"; };
		DDDDDC8D285E0D280010A4B4 /* ContentView.swift */ = {isa = PBXFileReference; lastKnownFileType = sourcecode.swift; path = ContentView.swift; sourceTree = "<group>"; };
		DDDDDC8F285E0D290010A4B4 /* Assets.xcassets */ = {isa = PBXFileReference; lastKnownFileType = folder.assetcatalog; path = Assets.xcassets; sourceTree = "<group>"; };
		DDDDDC92285E0D290010A4B4 /* Preview Assets.xcassets */ = {isa = PBXFileReference; lastKnownFileType = folder.assetcatalog; path = "Preview Assets.xcassets"; sourceTree = "<group>"; };
		DDDDDC9A285E0DA50010A4B4 /* CoreDataProject.xcdatamodel */ = {isa = PBXFileReference; lastKnownFileType = wrapper.xcdatamodel; path = CoreDataProject.xcdatamodel; sourceTree = "<group>"; };
		DDDDDC9E285E0E5C0010A4B4 /* DataController.swift */ = {isa = PBXFileReference; fileEncoding = 4; lastKnownFileType = sourcecode.swift; path = DataController.swift; sourceTree = "<group>"; };
		DDDDDCA0285E13850010A4B4 /* Movie+CoreDataClass.swift */ = {isa = PBXFileReference; lastKnownFileType = sourcecode.swift; path = "Movie+CoreDataClass.swift"; sourceTree = "<group>"; };
		DDDDDCA1285E13850010A4B4 /* Movie+CoreDataProperties.swift */ = {isa = PBXFileReference; lastKnownFileType = sourcecode.swift; path = "Movie+CoreDataProperties.swift"; sourceTree = "<group>"; };
		DDDDDCA4285E15D30010A4B4 /* SaveIfNeedView.swift */ = {isa = PBXFileReference; lastKnownFileType = sourcecode.swift; path = SaveIfNeedView.swift; sourceTree = "<group>"; };
		DDDDDCA6285E16C30010A4B4 /* UniqueModelView.swift */ = {isa = PBXFileReference; lastKnownFileType = sourcecode.swift; path = UniqueModelView.swift; sourceTree = "<group>"; };
		DDDDDCA8285E1B800010A4B4 /* PredicatedResultView.swift */ = {isa = PBXFileReference; lastKnownFileType = sourcecode.swift; path = PredicatedResultView.swift; sourceTree = "<group>"; };
/* End PBXFileReference section */

/* Begin PBXFrameworksBuildPhase section */
		DDDDDC85285E0D280010A4B4 /* Frameworks */ = {
			isa = PBXFrameworksBuildPhase;
			buildActionMask = 2147483647;
			files = (
			);
			runOnlyForDeploymentPostprocessing = 0;
		};
/* End PBXFrameworksBuildPhase section */

/* Begin PBXGroup section */
		DDDDDC7F285E0D280010A4B4 = {
			isa = PBXGroup;
			children = (
				DDDDDCA0285E13850010A4B4 /* Movie+CoreDataClass.swift */,
				DDDDDCA1285E13850010A4B4 /* Movie+CoreDataProperties.swift */,
				DDDDDC8A285E0D280010A4B4 /* CoreDataProject */,
				DDDDDC89285E0D280010A4B4 /* Products */,
			);
			sourceTree = "<group>";
		};
		DDDDDC89285E0D280010A4B4 /* Products */ = {
			isa = PBXGroup;
			children = (
				DDDDDC88285E0D280010A4B4 /* CoreDataProject.app */,
			);
			name = Products;
			sourceTree = "<group>";
		};
		DDDDDC8A285E0D280010A4B4 /* CoreDataProject */ = {
			isa = PBXGroup;
			children = (
				DDDDDC8B285E0D280010A4B4 /* CoreDataProjectApp.swift */,
				DDDDDC8D285E0D280010A4B4 /* ContentView.swift */,
				DDDDDCA8285E1B800010A4B4 /* PredicatedResultView.swift */,
				DDDDDCA6285E16C30010A4B4 /* UniqueModelView.swift */,
				DDDDDCA4285E15D30010A4B4 /* SaveIfNeedView.swift */,
				DDDDDC9E285E0E5C0010A4B4 /* DataController.swift */,
				DDDDDC99285E0DA50010A4B4 /* CoreDataProject.xcdatamodeld */,
				DDDDDC8F285E0D290010A4B4 /* Assets.xcassets */,
				DDDDDC91285E0D290010A4B4 /* Preview Content */,
			);
			path = CoreDataProject;
			sourceTree = "<group>";
		};
		DDDDDC91285E0D290010A4B4 /* Preview Content */ = {
			isa = PBXGroup;
			children = (
				DDDDDC92285E0D290010A4B4 /* Preview Assets.xcassets */,
			);
			path = "Preview Content";
			sourceTree = "<group>";
		};
/* End PBXGroup section */

/* Begin PBXNativeTarget section */
		DDDDDC87285E0D280010A4B4 /* CoreDataProject */ = {
			isa = PBXNativeTarget;
			buildConfigurationList = DDDDDC96285E0D290010A4B4 /* Build configuration list for PBXNativeTarget "CoreDataProject" */;
			buildPhases = (
				DDDDDC84285E0D280010A4B4 /* Sources */,
				DDDDDC85285E0D280010A4B4 /* Frameworks */,
				DDDDDC86285E0D280010A4B4 /* Resources */,
			);
			buildRules = (
			);
			dependencies = (
			);
			name = CoreDataProject;
			productName = CoreDataProject;
			productReference = DDDDDC88285E0D280010A4B4 /* CoreDataProject.app */;
			productType = "com.apple.product-type.application";
		};
/* End PBXNativeTarget section */

/* Begin PBXProject section */
		DDDDDC80285E0D280010A4B4 /* Project object */ = {
			isa = PBXProject;
			attributes = {
				BuildIndependentTargetsInParallel = 1;
				LastSwiftUpdateCheck = 1320;
				LastUpgradeCheck = 1320;
				TargetAttributes = {
					DDDDDC87285E0D280010A4B4 = {
						CreatedOnToolsVersion = 13.2.1;
					};
				};
			};
			buildConfigurationList = DDDDDC83285E0D280010A4B4 /* Build configuration list for PBXProject "CoreDataProject" */;
			compatibilityVersion = "Xcode 13.0";
			developmentRegion = en;
			hasScannedForEncodings = 0;
			knownRegions = (
				en,
				Base,
			);
			mainGroup = DDDDDC7F285E0D280010A4B4;
			productRefGroup = DDDDDC89285E0D280010A4B4 /* Products */;
			projectDirPath = "";
			projectRoot = "";
			targets = (
				DDDDDC87285E0D280010A4B4 /* CoreDataProject */,
			);
		};
/* End PBXProject section */

/* Begin PBXResourcesBuildPhase section */
		DDDDDC86285E0D280010A4B4 /* Resources */ = {
			isa = PBXResourcesBuildPhase;
			buildActionMask = 2147483647;
			files = (
				DDDDDC93285E0D290010A4B4 /* Preview Assets.xcassets in Resources */,
				DDDDDC90285E0D290010A4B4 /* Assets.xcassets in Resources */,
			);
			runOnlyForDeploymentPostprocessing = 0;
		};
/* End PBXResourcesBuildPhase section */

/* Begin PBXSourcesBuildPhase section */
		DDDDDC84285E0D280010A4B4 /* Sources */ = {
			isa = PBXSourcesBuildPhase;
			buildActionMask = 2147483647;
			files = (
				DDDDDC8E285E0D280010A4B4 /* ContentView.swift in Sources */,
				DDDDDC9F285E0E5C0010A4B4 /* DataController.swift in Sources */,
				DDDDDCA9285E1B800010A4B4 /* PredicatedResultView.swift in Sources */,
				DDDDDCA5285E15D30010A4B4 /* SaveIfNeedView.swift in Sources */,
				DDDDDCA7285E16C30010A4B4 /* UniqueModelView.swift in Sources */,
				DDDDDC8C285E0D280010A4B4 /* CoreDataProjectApp.swift in Sources */,
				DDDDDCA2285E13850010A4B4 /* Movie+CoreDataClass.swift in Sources */,
				DDDDDCA3285E13850010A4B4 /* Movie+CoreDataProperties.swift in Sources */,
				DDDDDC9B285E0DA50010A4B4 /* CoreDataProject.xcdatamodeld in Sources */,
			);
			runOnlyForDeploymentPostprocessing = 0;
		};
/* End PBXSourcesBuildPhase section */

/* Begin XCBuildConfiguration section */
		DDDDDC94285E0D290010A4B4 /* Debug */ = {
			isa = XCBuildConfiguration;
			buildSettings = {
				ALWAYS_SEARCH_USER_PATHS = NO;
				CLANG_ANALYZER_NONNULL = YES;
				CLANG_ANALYZER_NUMBER_OBJECT_CONVERSION = YES_AGGRESSIVE;
				CLANG_CXX_LANGUAGE_STANDARD = "gnu++17";
				CLANG_CXX_LIBRARY = "libc++";
				CLANG_ENABLE_MODULES = YES;
				CLANG_ENABLE_OBJC_ARC = YES;
				CLANG_ENABLE_OBJC_WEAK = YES;
				CLANG_WARN_BLOCK_CAPTURE_AUTORELEASING = YES;
				CLANG_WARN_BOOL_CONVERSION = YES;
				CLANG_WARN_COMMA = YES;
				CLANG_WARN_CONSTANT_CONVERSION = YES;
				CLANG_WARN_DEPRECATED_OBJC_IMPLEMENTATIONS = YES;
				CLANG_WARN_DIRECT_OBJC_ISA_USAGE = YES_ERROR;
				CLANG_WARN_DOCUMENTATION_COMMENTS = YES;
				CLANG_WARN_EMPTY_BODY = YES;
				CLANG_WARN_ENUM_CONVERSION = YES;
				CLANG_WARN_INFINITE_RECURSION = YES;
				CLANG_WARN_INT_CONVERSION = YES;
				CLANG_WARN_NON_LITERAL_NULL_CONVERSION = YES;
				CLANG_WARN_OBJC_IMPLICIT_RETAIN_SELF = YES;
				CLANG_WARN_OBJC_LITERAL_CONVERSION = YES;
				CLANG_WARN_OBJC_ROOT_CLASS = YES_ERROR;
				CLANG_WARN_QUOTED_INCLUDE_IN_FRAMEWORK_HEADER = YES;
				CLANG_WARN_RANGE_LOOP_ANALYSIS = YES;
				CLANG_WARN_STRICT_PROTOTYPES = YES;
				CLANG_WARN_SUSPICIOUS_MOVE = YES;
				CLANG_WARN_UNGUARDED_AVAILABILITY = YES_AGGRESSIVE;
				CLANG_WARN_UNREACHABLE_CODE = YES;
				CLANG_WARN__DUPLICATE_METHOD_MATCH = YES;
				COPY_PHASE_STRIP = NO;
				DEBUG_INFORMATION_FORMAT = dwarf;
				ENABLE_STRICT_OBJC_MSGSEND = YES;
				ENABLE_TESTABILITY = YES;
				GCC_C_LANGUAGE_STANDARD = gnu11;
				GCC_DYNAMIC_NO_PIC = NO;
				GCC_NO_COMMON_BLOCKS = YES;
				GCC_OPTIMIZATION_LEVEL = 0;
				GCC_PREPROCESSOR_DEFINITIONS = (
					"DEBUG=1",
					"$(inherited)",
				);
				GCC_WARN_64_TO_32_BIT_CONVERSION = YES;
				GCC_WARN_ABOUT_RETURN_TYPE = YES_ERROR;
				GCC_WARN_UNDECLARED_SELECTOR = YES;
				GCC_WARN_UNINITIALIZED_AUTOS = YES_AGGRESSIVE;
				GCC_WARN_UNUSED_FUNCTION = YES;
				GCC_WARN_UNUSED_VARIABLE = YES;
				IPHONEOS_DEPLOYMENT_TARGET = 15.2;
				MTL_ENABLE_DEBUG_INFO = INCLUDE_SOURCE;
				MTL_FAST_MATH = YES;
				ONLY_ACTIVE_ARCH = YES;
				SDKROOT = iphoneos;
				SWIFT_ACTIVE_COMPILATION_CONDITIONS = DEBUG;
				SWIFT_OPTIMIZATION_LEVEL = "-Onone";
			};
			name = Debug;
		};
		DDDDDC95285E0D290010A4B4 /* Release */ = {
			isa = XCBuildConfiguration;
			buildSettings = {
				ALWAYS_SEARCH_USER_PATHS = NO;
				CLANG_ANALYZER_NONNULL = YES;
				CLANG_ANALYZER_NUMBER_OBJECT_CONVERSION = YES_AGGRESSIVE;
				CLANG_CXX_LANGUAGE_STANDARD = "gnu++17";
				CLANG_CXX_LIBRARY = "libc++";
				CLANG_ENABLE_MODULES = YES;
				CLANG_ENABLE_OBJC_ARC = YES;
				CLANG_ENABLE_OBJC_WEAK = YES;
				CLANG_WARN_BLOCK_CAPTURE_AUTORELEASING = YES;
				CLANG_WARN_BOOL_CONVERSION = YES;
				CLANG_WARN_COMMA = YES;
				CLANG_WARN_CONSTANT_CONVERSION = YES;
				CLANG_WARN_DEPRECATED_OBJC_IMPLEMENTATIONS = YES;
				CLANG_WARN_DIRECT_OBJC_ISA_USAGE = YES_ERROR;
				CLANG_WARN_DOCUMENTATION_COMMENTS = YES;
				CLANG_WARN_EMPTY_BODY = YES;
				CLANG_WARN_ENUM_CONVERSION = YES;
				CLANG_WARN_INFINITE_RECURSION = YES;
				CLANG_WARN_INT_CONVERSION = YES;
				CLANG_WARN_NON_LITERAL_NULL_CONVERSION = YES;
				CLANG_WARN_OBJC_IMPLICIT_RETAIN_SELF = YES;
				CLANG_WARN_OBJC_LITERAL_CONVERSION = YES;
				CLANG_WARN_OBJC_ROOT_CLASS = YES_ERROR;
				CLANG_WARN_QUOTED_INCLUDE_IN_FRAMEWORK_HEADER = YES;
				CLANG_WARN_RANGE_LOOP_ANALYSIS = YES;
				CLANG_WARN_STRICT_PROTOTYPES = YES;
				CLANG_WARN_SUSPICIOUS_MOVE = YES;
				CLANG_WARN_UNGUARDED_AVAILABILITY = YES_AGGRESSIVE;
				CLANG_WARN_UNREACHABLE_CODE = YES;
				CLANG_WARN__DUPLICATE_METHOD_MATCH = YES;
				COPY_PHASE_STRIP = NO;
				DEBUG_INFORMATION_FORMAT = "dwarf-with-dsym";
				ENABLE_NS_ASSERTIONS = NO;
				ENABLE_STRICT_OBJC_MSGSEND = YES;
				GCC_C_LANGUAGE_STANDARD = gnu11;
				GCC_NO_COMMON_BLOCKS = YES;
				GCC_WARN_64_TO_32_BIT_CONVERSION = YES;
				GCC_WARN_ABOUT_RETURN_TYPE = YES_ERROR;
				GCC_WARN_UNDECLARED_SELECTOR = YES;
				GCC_WARN_UNINITIALIZED_AUTOS = YES_AGGRESSIVE;
				GCC_WARN_UNUSED_FUNCTION = YES;
				GCC_WARN_UNUSED_VARIABLE = YES;
				IPHONEOS_DEPLOYMENT_TARGET = 15.2;
				MTL_ENABLE_DEBUG_INFO = NO;
				MTL_FAST_MATH = YES;
				SDKROOT = iphoneos;
				SWIFT_COMPILATION_MODE = wholemodule;
				SWIFT_OPTIMIZATION_LEVEL = "-O";
				VALIDATE_PRODUCT = YES;
			};
			name = Release;
		};
		DDDDDC97285E0D290010A4B4 /* Debug */ = {
			isa = XCBuildConfiguration;
			buildSettings = {
				ASSETCATALOG_COMPILER_APPICON_NAME = AppIcon;
				ASSETCATALOG_COMPILER_GLOBAL_ACCENT_COLOR_NAME = AccentColor;
				CODE_SIGN_STYLE = Automatic;
				CURRENT_PROJECT_VERSION = 1;
				DEVELOPMENT_ASSET_PATHS = "\"CoreDataProject/Preview Content\"";
				ENABLE_PREVIEWS = YES;
				GENERATE_INFOPLIST_FILE = YES;
				INFOPLIST_KEY_UIApplicationSceneManifest_Generation = YES;
				INFOPLIST_KEY_UIApplicationSupportsIndirectInputEvents = YES;
				INFOPLIST_KEY_UILaunchScreen_Generation = YES;
				INFOPLIST_KEY_UISupportedInterfaceOrientations_iPad = "UIInterfaceOrientationPortrait UIInterfaceOrientationPortraitUpsideDown UIInterfaceOrientationLandscapeLeft UIInterfaceOrientationLandscapeRight";
				INFOPLIST_KEY_UISupportedInterfaceOrientations_iPhone = "UIInterfaceOrientationPortrait UIInterfaceOrientationLandscapeLeft UIInterfaceOrientationLandscapeRight";
				LD_RUNPATH_SEARCH_PATHS = (
					"$(inherited)",
					"@executable_path/Frameworks",
				);
				MARKETING_VERSION = 1.0;
				PRODUCT_BUNDLE_IDENTIFIER = me.viter.darya.CoreDataProject;
				PRODUCT_NAME = "$(TARGET_NAME)";
				SWIFT_EMIT_LOC_STRINGS = YES;
				SWIFT_VERSION = 5.0;
				TARGETED_DEVICE_FAMILY = "1,2";
			};
			name = Debug;
		};
		DDDDDC98285E0D290010A4B4 /* Release */ = {
			isa = XCBuildConfiguration;
			buildSettings = {
				ASSETCATALOG_COMPILER_APPICON_NAME = AppIcon;
				ASSETCATALOG_COMPILER_GLOBAL_ACCENT_COLOR_NAME = AccentColor;
				CODE_SIGN_STYLE = Automatic;
				CURRENT_PROJECT_VERSION = 1;
				DEVELOPMENT_ASSET_PATHS = "\"CoreDataProject/Preview Content\"";
				ENABLE_PREVIEWS = YES;
				GENERATE_INFOPLIST_FILE = YES;
				INFOPLIST_KEY_UIApplicationSceneManifest_Generation = YES;
				INFOPLIST_KEY_UIApplicationSupportsIndirectInputEvents = YES;
				INFOPLIST_KEY_UILaunchScreen_Generation = YES;
				INFOPLIST_KEY_UISupportedInterfaceOrientations_iPad = "UIInterfaceOrientationPortrait UIInterfaceOrientationPortraitUpsideDown UIInterfaceOrientationLandscapeLeft UIInterfaceOrientationLandscapeRight";
				INFOPLIST_KEY_UISupportedInterfaceOrientations_iPhone = "UIInterfaceOrientationPortrait UIInterfaceOrientationLandscapeLeft UIInterfaceOrientationLandscapeRight";
				LD_RUNPATH_SEARCH_PATHS = (
					"$(inherited)",
					"@executable_path/Frameworks",
				);
				MARKETING_VERSION = 1.0;
				PRODUCT_BUNDLE_IDENTIFIER = me.viter.darya.CoreDataProject;
				PRODUCT_NAME = "$(TARGET_NAME)";
				SWIFT_EMIT_LOC_STRINGS = YES;
				SWIFT_VERSION = 5.0;
				TARGETED_DEVICE_FAMILY = "1,2";
			};
			name = Release;
		};
/* End XCBuildConfiguration section */

/* Begin XCConfigurationList section */
		DDDDDC83285E0D280010A4B4 /* Build configuration list for PBXProject "CoreDataProject" */ = {
			isa = XCConfigurationList;
			buildConfigurations = (
				DDDDDC94285E0D290010A4B4 /* Debug */,
				DDDDDC95285E0D290010A4B4 /* Release */,
			);
			defaultConfigurationIsVisible = 0;
			defaultConfigurationName = Release;
		};
		DDDDDC96285E0D290010A4B4 /* Build configuration list for PBXNativeTarget "CoreDataProject" */ = {
			isa = XCConfigurationList;
			buildConfigurations = (
				DDDDDC97285E0D290010A4B4 /* Debug */,
				DDDDDC98285E0D290010A4B4 /* Release */,
			);
			defaultConfigurationIsVisible = 0;
			defaultConfigurationName = Release;
		};
/* End XCConfigurationList section */

/* Begin XCVersionGroup section */
		DDDDDC99285E0DA50010A4B4 /* CoreDataProject.xcdatamodeld */ = {
			isa = XCVersionGroup;
			children = (
				DDDDDC9A285E0DA50010A4B4 /* CoreDataProject.xcdatamodel */,
			);
			currentVersion = DDDDDC9A285E0DA50010A4B4 /* CoreDataProject.xcdatamodel */;
			path = CoreDataProject.xcdatamodeld;
			sourceTree = "<group>";
			versionGroupType = wrapper.xcdatamodel;
		};
/* End XCVersionGroup section */
	};
	rootObject = DDDDDC80285E0D280010A4B4 /* Project object */;
}
